{
  "formal/Artifacts/Compression.lean": "620c3253880f79260f29dbe44af762b2cd0dbd7962536560325890b270580826",
  "formal/Artifacts/CompressionData.lean": "578bc8d942276735f182916d5f6496363c4e5461c2f611916633ea95c0134c39",
  "formal/Artifacts/FullCompression.lean": "b8566cc5702be389e72e93892edcfec5345bd3f727df846cd5f244f1305be294",
  "formal/Artifacts/PathBits.lean": "9ef1ac221d6fbf70a8be928903fb7c4b0a67c2c4d1212c9f8e0453d95e6e28e7",
  "formal/Artifacts/PathBitsData.lean": "b2e46d5801d2249ff34f879be7cb4b379ac90603136ecc37e5f9bb9c27cf1741",
  "formal/Artifacts/R1CS.lean": "e4f18e6086141491087529f1c4867b335f4c96b7344f01e85fcd06098abdb2a4",
  "formal/Artifacts/RangeGate.lean": "682055728bc3f6ef2e8742787f8fc65722008d523b39dc3c4f25c30dfca0e25d",
  "formal/Artifacts/RangeLemmas.lean": "39e987ed6047315548d53d17b125354e2c37feb699dff4588954d52bc8a7144f",
  "formal/Artifacts/Spend.lean": "ddf972820487740066ec19285cb4153ec941c3fd2c06402ef194f3b5f80285bd",
  "formal/Artifacts/Witness.lean": "8be428f9928251024637600a67dcfc7e1a0ca60f05fa34bd1e46c4a987f71d79",
  "formal/Keccak/Hash.lean": "a5703d1eb5e2ff1049c34f61f42e6d315dd78e06f493706ecd1628fc875c745c",
  "formal/Poseidon/Constants.lean": "a520856f658fccf7cafe6c736a0408da6394d5b9f9fafb619c01a3577d17e9a5",
  "formal/Poseidon/Hash.lean": "a4f648897d116b6643061def4319c936dcd8db034b92712607dbc3364aa6e1a6",
  "formal/Poseidon/Permutation.lean": "fd14ebb6f81e44a5e2f23f545f901604ab1b75e5fe56987027a934a63b7c849e",
  "formal/Primality/BN254.lean": "9d7336938a9e220de567847822fed2f5f477c06dae7bb52f0de80ec9762c209e",
  "formal/Primality/PrattCertificate.lean": "6fd6656f9b1e29ffd49a313dcfb8525127fcbc65872458747c9f5af84a95ef37",
  "formal/Proofs/AxiomAudit.lean": "b8a862e62028e49f9b33ff0656c462b17c487b1971f22a0668248dacaba1773d",
  "formal/Proofs/CircuitGadgets.lean": "9a27851516ddca61da6f35c846e7eaf64b0df72a50d3d9f4c321857367051a66",
  "formal/SPEC.md": "48c256daa5718fa3cb350ac1a4d38e10203bc1649e4aed0a8d656b3aff3fb4f6",
  "formal/Spec.lean": "17eb68c9778dc67e4238112341bb6a6a79c14e781df391761a75a2a5ddf4a58a",
  "formal/Spec/Basic.lean": "3fba49840fd2a60d241cbbb4e4a0381f22ab58d84508b35095b27fb073572b7e",
  "formal/Spec/Circuit.lean": "cd6334769ed55dcc7c4e2f74f882c0dcf2e8eff395ff38df156134f9162227b1",
  "formal/Spec/Evm.lean": "d8873e0e589315ba8be1e4f31b3f5940df76fa5827527148bb70765be3cdfb35",
  "formal/Spec/FrameTx.lean": "34ac13363452469bf438a4cf55aeb60cf0bd1edb6520aed34aac454c80710e2e",
  "formal/Spec/Hash.lean": "a3e66bc20a289d75094655f75c5ee248bdb3e6db0623a6e6a73393b4bd2bce04",
  "formal/Spec/Main.lean": "fdc4015c706736c052d13b2363fde3aaf93176150e1e965f0e0ca026b149a330",
  "formal/Spec/Relation.lean": "ef8e29d80b313a39dc0d650591555c0b98e00f647206021dae35879b72ca7c60",
  "formal/Spec/System.lean": "0561577a1636f18eb9e6ac2b6ef57014445641a120aa77eb319c3b8f9ec03007",
  "formal/Spec/Tree.lean": "d269fbc7d37aceb14538e59c3f6f980f2d6e55c53017fb32cd0b679ab8f24254"
}
