{
  "formal/Artifacts/Compression.lean": "580dffb987787b92b6a17848b5f4ce16f9788360becf40e5f9f12c727a43c406",
  "formal/Artifacts/CompressionData.lean": "578bc8d942276735f182916d5f6496363c4e5461c2f611916633ea95c0134c39",
  "formal/Artifacts/FullCompression.lean": "b8566cc5702be389e72e93892edcfec5345bd3f727df846cd5f244f1305be294",
  "formal/Artifacts/PathBits.lean": "9ef1ac221d6fbf70a8be928903fb7c4b0a67c2c4d1212c9f8e0453d95e6e28e7",
  "formal/Artifacts/PathBitsData.lean": "b2e46d5801d2249ff34f879be7cb4b379ac90603136ecc37e5f9bb9c27cf1741",
  "formal/Artifacts/R1CS.lean": "e4f18e6086141491087529f1c4867b335f4c96b7344f01e85fcd06098abdb2a4",
  "formal/Artifacts/RangeGate.lean": "682055728bc3f6ef2e8742787f8fc65722008d523b39dc3c4f25c30dfca0e25d",
  "formal/Artifacts/RangeLemmas.lean": "39e987ed6047315548d53d17b125354e2c37feb699dff4588954d52bc8a7144f",
  "formal/Artifacts/Spend.lean": "ddf972820487740066ec19285cb4153ec941c3fd2c06402ef194f3b5f80285bd",
  "formal/Artifacts/Witness.lean": "8be428f9928251024637600a67dcfc7e1a0ca60f05fa34bd1e46c4a987f71d79",
  "formal/Groth16/Cardinality.lean": "1f5c9afe30d3f2213db00ef72912f8f43e4d3c0b36746f98f90dc4bf34f1dcb5",
  "formal/Groth16/Cofactor.lean": "db84971d2a40833d80bdb9da91488658d6b53267b27374577514408a94748178",
  "formal/Groth16/Curve.lean": "fe369f9d0c4a5d7a24ff96d8a6a48ba5fd3d54f86bc7826436646e665d17a1ef",
  "formal/Groth16/Encoding.lean": "ef1062841344249e1bbd1f0fe195b6f994eea8829a2c2633471a60514bcb4fde",
  "formal/Groth16/Group.lean": "730b1343bfab192ba1d8a88fb57eb53c6d64d98d2acd0203fc3a677f5c15ae57",
  "formal/Groth16/KeyData.lean": "cdc2aab2d18659c7d8a3a6e1e20c8b771d5b550a4a66479a0072a056360d7045",
  "formal/Groth16/Quadratic.lean": "d0cd152c806edf91bc39374053676312814401cd8f3d768e989f4c83fd37eded",
  "formal/Groth16/Subgroup.lean": "92201846d29355d4c2cc0ee34639c95849b63e2e54cfb8ddf32cf06679e40168",
  "formal/Groth16/SubgroupAlpha.lean": "7af7185d19f8e77fc31be4ea0938db3c3cedd69e333842c80217cfb46d839659",
  "formal/Groth16/SubgroupBase.lean": "a5e7e7dc917df51cfbc06e179dc1d87db346cbd8ddf92d5b18e510cb6dd6423e",
  "formal/Groth16/SubgroupBeta.lean": "1d06cb8f529676e5af7875505058105027ddfaa1a616b2bcb5a729078541f082",
  "formal/Groth16/SubgroupDelta.lean": "65917b34b6f9be459d1d606599cfff0a681be96166a39b3080d1a29817bc61a6",
  "formal/Groth16/SubgroupGamma.lean": "cc99a2d3d19cadd48a695901ef6b9365bb9e4b32bdc075d9e07e425964684247",
  "formal/Groth16/SubgroupIc0.lean": "7b86c27a47c4978dd951c54c0ff5b1360909b2ce1f9a902d47475c4099de5fa7",
  "formal/Groth16/SubgroupIc1.lean": "da4198deb8b089d71d471f5df6aaf7ef26df2b7f6a15237147e5d57782cfe8a8",
  "formal/Groth16/SubgroupIc2.lean": "4e03da1afc9749cafe5f5b5577190b5006dddba3dd93c4e1f018d5a495d3349f",
  "formal/Groth16/SubgroupIc3.lean": "f37a3337b3edb8e46b04c0884e3cf4e4a591fa3d2cc0c524d45ab4c22117d388",
  "formal/Groth16/SubgroupKey.lean": "446c1235636d7f37b2ae46616e5ea4bba2903d05d21461a7b896dc39ec065dac",
  "formal/Groth16/Twist.lean": "786f67c72e4f81e1f8af8b59ba97d34dbcd01078977db6afdda213fd996dd99f",
  "formal/Groth16/TwistCardinality.lean": "bcb50eedf16abeeb02598e456ba462da4ee198b48bbd4f4e48edfa1aecbedd15",
  "formal/Groth16/Verifier.lean": "ee5d69270347b85e1a0b7bdc461a2743cfebffa3024c433abcb0264a0eda67e8",
  "formal/Keccak/Hash.lean": "a5703d1eb5e2ff1049c34f61f42e6d315dd78e06f493706ecd1628fc875c745c",
  "formal/Mutations/Check.lean": "00878d1c4813af332b86f4ef3a979454e697942cd7b1c95831ec33f230879742",
  "formal/Mutations/DuplicateCertificate.lean": "11b5c1cf985821e2e6c686ed9cae2b8bfaac8596f0163a7612dbc8558df664a3",
  "formal/Mutations/DuplicateChunk0.lean": "b97001196b215bdc8818c66393590e193c7b64188635adb3ca9639f50f4bad56",
  "formal/Mutations/DuplicateChunk1.lean": "131cb74ec468a189b3894fc862423e980b5b83c519dc8f79f9cf1ec76618e31d",
  "formal/Mutations/DuplicateChunk10.lean": "4cca09efa6013e0e588cf7e543e6fc6a42ac1a769f95d1fa94de3aeaaf67ccc3",
  "formal/Mutations/DuplicateChunk11.lean": "e5ea3ab1efc60ae5b5706b328800ff6f4dbf8629491870f5677cb328c88f0ba3",
  "formal/Mutations/DuplicateChunk12.lean": "b861395ff71c2cf0edb6526fee47a21af7e4b71b850dc06e3630b2e64be61e40",
  "formal/Mutations/DuplicateChunk13.lean": "0ab74dedcd6546dccb185c0b1a7d4deb20ab750e4e370742b11958414627684c",
  "formal/Mutations/DuplicateChunk14.lean": "aceb9facb64ebae0414f70a3c78d8158683846171534024fa43e9b9bd71878f0",
  "formal/Mutations/DuplicateChunk15.lean": "ab9f56b6c827b4683457bcd3bd87a47868cfcb108805eadcee1070f9b9f9f86a",
  "formal/Mutations/DuplicateChunk16.lean": "32a155bc69687336d5c5e57d2303b928c2080d786b54dccd91fec10726168db6",
  "formal/Mutations/DuplicateChunk17.lean": "1459c832d5747cc1b1d39905c860eb6fdc0b78368bab0b13b59fe1669295f9b0",
  "formal/Mutations/DuplicateChunk18.lean": "80157feed4754d50aa9430b71989da67ea0059bbcaecc610c7ded68c8fbc0814",
  "formal/Mutations/DuplicateChunk19.lean": "d37c73adcee012d924c158246c221bcf111cc3515bd176e25e35952f9d7a61f4",
  "formal/Mutations/DuplicateChunk2.lean": "f7b1f9529ef2539cdc0a24fc20ee920a357247a6b99a725ee1119f62e98e3a67",
  "formal/Mutations/DuplicateChunk20.lean": "05f943bbc59cbb95685af14945e01508c22c9db52c5ade839adf1c568b9a72c1",
  "formal/Mutations/DuplicateChunk21.lean": "d61c1f0bde82013cbaefccd5573c8d9ecb98df0c99d22a8bebf6bfb4645df1ea",
  "formal/Mutations/DuplicateChunk22.lean": "c71d91223e034acf23000e64f82c36e5201254f7fde2b18f2fee71f23ba11b4a",
  "formal/Mutations/DuplicateChunk23.lean": "7143ecd91cf008c19efa5e2e99fe04459e71dbc828f29753f1ceceb31b58544f",
  "formal/Mutations/DuplicateChunk24.lean": "afc185aab50c3ac729a3f11a767deeec74b568c3db3803173b345e03c12af054",
  "formal/Mutations/DuplicateChunk25.lean": "7a0f6821ac61a3fe16e2c43907a720e7fa687903df71084b64f5b69ce70f13eb",
  "formal/Mutations/DuplicateChunk26.lean": "068ef3a8cb44212fc435036ebe1d9666343057ae118ec98667c2f9f99233805d",
  "formal/Mutations/DuplicateChunk27.lean": "fefe24ab34e0624ec1770c924d53a2e9a9cb756da889bf4718994aa1c03ccfc4",
  "formal/Mutations/DuplicateChunk28.lean": "37da5c3782ea93a952fd04c6c50b658cb485beb34db824393e63bb7cc714fa69",
  "formal/Mutations/DuplicateChunk3.lean": "a4661e0edf39a24920972b26b46eba92b2989f8485af11a16d0bcadf322029ca",
  "formal/Mutations/DuplicateChunk4.lean": "9a7b2d9a68bf885807f69770b98942cf3092a5c4fad8d8c046460292442066ad",
  "formal/Mutations/DuplicateChunk5.lean": "c56f4174d7ac39bce621f872efde9bea9e46e4c6e24b68e2dc353175c0aa05d0",
  "formal/Mutations/DuplicateChunk6.lean": "56d2500779e592c75ae0706d3f915e71e6536867a2db8f2497babd9e16b317b5",
  "formal/Mutations/DuplicateChunk7.lean": "2c48b08eefd57e282109bc39e18b763b6d56bb6a46120d1adf50225fa51d628d",
  "formal/Mutations/DuplicateChunk8.lean": "d973df3f5a0954f60e38afcdd433fffc1d0ac79f298d8bd2883e6f86322b6f88",
  "formal/Mutations/DuplicateChunk9.lean": "9fff5639c1d0c1048995d14e056dbdd8fe9bb91f68a0ca447360ff9466cca26f",
  "formal/Mutations/DuplicateTable.lean": "f3af011c35a56982b713db9d6c45ff2bab306f0acd8af9e55eecc89d6b5e979d",
  "formal/Mutations/MembershipCertificate.lean": "1dabf8c4e759a603ba89b5af2b0e97d36184d503b1b6a0172644a30e1861a603",
  "formal/Mutations/MembershipChunk0.lean": "e94d18730b99292ce67127e15b71ecad89cd9aad809e8b33804807c9e6c5ce63",
  "formal/Mutations/MembershipChunk1.lean": "0333629f6aa32115b133df2048e71341b95eb96fede4737dd334c85cc90e2aae",
  "formal/Mutations/MembershipChunk10.lean": "ca777e4ac4b8e9169e6757775c7f4501ede11808e40e582ee10dbfdefb764edf",
  "formal/Mutations/MembershipChunk11.lean": "58a2ba4d05816f9d7b55cd013ed9ba27e6e60451b4a9f96478eab33e4a40af67",
  "formal/Mutations/MembershipChunk12.lean": "b2532eb72990a3d691a17ecbe1c4b33dfbb4d81fc03f72d33d3eaef77988f159",
  "formal/Mutations/MembershipChunk13.lean": "b2efc67b33b88071cd191c15abe68515c74fb941c52733e4bab04d89afc78064",
  "formal/Mutations/MembershipChunk14.lean": "a80e739edb03317a7c15f1804e7cb7a98cf96c92c99edb439c2ace052e012559",
  "formal/Mutations/MembershipChunk15.lean": "e57d959f14d39ac37ce84f62caf1b7bfcbc9a5714882a8da37b6e542ccc8dbea",
  "formal/Mutations/MembershipChunk16.lean": "5eb76a8147c1bf15fc3baa174af35f03b3fd2c2a0ffbc48522ed728a837744f5",
  "formal/Mutations/MembershipChunk17.lean": "8728942f25b07228d6c002b75c2aa238ae57e2559ff2fa3b233da25207467889",
  "formal/Mutations/MembershipChunk18.lean": "f3a2c42338b237323840490a17296ee9bfcbd19e883acc98f63b4410b4ed74a6",
  "formal/Mutations/MembershipChunk19.lean": "fff88a8892348c41f19eb446d8d1faa7ba54683f4cadb480ce199d7ce6ef1565",
  "formal/Mutations/MembershipChunk2.lean": "828e0b1b6fce316d0c2e2dea1b513d7153cef4864e2c5f3b8e993f1413cdbf32",
  "formal/Mutations/MembershipChunk20.lean": "7832534c9ed81fd7b5ad4d2e4eb2810f1fa92a22de16a0085e530db2ee9029ea",
  "formal/Mutations/MembershipChunk21.lean": "624cd0bd763112e316e39aac8ac8110272c355bb243134916a2f831534ff98c4",
  "formal/Mutations/MembershipChunk22.lean": "b55dc4fe1a5fb20ed8cb6b391845e95dadb6fe3a7ae862126b67e1f9c9f9e362",
  "formal/Mutations/MembershipChunk23.lean": "4b46648d83ea0b5879899c1add41486f820ccd051358f87db7d165197801b203",
  "formal/Mutations/MembershipChunk24.lean": "57cc47f9bacd837de8dc12e00944e5726d00c6534e73b5609392aaa56bbd7dd8",
  "formal/Mutations/MembershipChunk25.lean": "656f86e262e248d3eaab54751efb516ab4bed841d6ae109c1fd183de3c7aedef",
  "formal/Mutations/MembershipChunk26.lean": "e2d0a93fa234caf44539c5bbb691a01fc8a33babe26ba2b337b258c155214cf5",
  "formal/Mutations/MembershipChunk27.lean": "fd2c3be7a819595732915cf4efefa1f8326b947d20a9dfa92fb1bdf0d3754a00",
  "formal/Mutations/MembershipChunk28.lean": "939b33a4580e155b335a9d2e5cdfac787bacea87055745ccc3e528cddd86cd8c",
  "formal/Mutations/MembershipChunk3.lean": "6132e228a8ec19b69f369f54717de8af63129105bfeaa764d9e4d33fabacbf20",
  "formal/Mutations/MembershipChunk4.lean": "93d178009ac2090e6c65b8437227ae5e491c32be9af4d704bb5616fe4f83fcfd",
  "formal/Mutations/MembershipChunk5.lean": "90337eaa82437702fee99ece5ed0187773f1ea55bb336c08e72bb2270f74a57b",
  "formal/Mutations/MembershipChunk6.lean": "5cb2d6e9b032e19a1635dc5d53b65010a1e787dc1bb152e1381f9d5fc96ec4f9",
  "formal/Mutations/MembershipChunk7.lean": "29f7fc20c44099f0b04359e1fb3f000bf63daff8c215cd953b668c301dd85adc",
  "formal/Mutations/MembershipChunk8.lean": "068ff1fa8b48562ea7f555b1fbcc1a3e28ad40f729f7e33c5df4a638229046f4",
  "formal/Mutations/MembershipChunk9.lean": "9407015010b3bd4ede898d5c0add5c21bd927fab19df81459595bb4051f58e54",
  "formal/Mutations/MembershipTable.lean": "3db0739f8cdc3f9df13f8473048d547fc96e166813c3d945bfd6488cc00374a1",
  "formal/Mutations/RangeCertificate.lean": "8c2fdd1fc96e27131fb0c774135ebca05c30adb72054e42b1203125abc86006a",
  "formal/Mutations/RangeChunk0.lean": "030b9bc0045bbfd442666b30c294f269805cc2fa43cbe9d8289f9f3ca9fa78c5",
  "formal/Mutations/RangeChunk1.lean": "c08d9a681030ea35ef8e9441fcd5e0c75c0b4da0dfac8f74a581ceb1ce61dcfe",
  "formal/Mutations/RangeChunk10.lean": "23d66bd51c5ddbcbfcd4d627b9872dfdda0bd5e2c31a026e57fa878df1703ca3",
  "formal/Mutations/RangeChunk11.lean": "dd390b66fa8fa8d20b4f4bd6f800ef6ff7d36251067a3008b9e5a6377b662fbb",
  "formal/Mutations/RangeChunk12.lean": "e2135f689e8b9d92d7912c6ec4933059cf886bd818f7496feee05f7f98897e07",
  "formal/Mutations/RangeChunk13.lean": "ee82c597f032145a3aa0e7b8c763da554585889bafbc006f961503fe9be2d5e5",
  "formal/Mutations/RangeChunk14.lean": "d2a66b22abe16a1a0e34c28408432bb2ae60dfcfe25d2899c304a8cda7ec2ff0",
  "formal/Mutations/RangeChunk15.lean": "c757b4e8141655cc22cab07703304a6883f174965a3d0b55224d942babbfbdf6",
  "formal/Mutations/RangeChunk16.lean": "befdf26cd9e07f98a4361ab3ef33ec6c8c36d32edc110c11abb4b2ef8cb73ae7",
  "formal/Mutations/RangeChunk17.lean": "200040b9171193bda555d7c8fe3031925224a434cf3723260a0c4adc41e72081",
  "formal/Mutations/RangeChunk18.lean": "b2fda90ad189cf5640accfa9e70f77cfeb79b68a5a81c4a87dd2ee3c5dd23043",
  "formal/Mutations/RangeChunk19.lean": "e24a5b4d866292800e9dcb229fd6cc5c4a05bc613e84732a00728a4b2ec95450",
  "formal/Mutations/RangeChunk2.lean": "e2888ffe198e80c15472552734595c2a05abbfcd3a2a8f012593bb6bf3c2d68b",
  "formal/Mutations/RangeChunk20.lean": "78916f8cbf65bf14560faf0aa9c0e9ff22e3600875a0f67379cb0a053fa940b0",
  "formal/Mutations/RangeChunk21.lean": "1e9b018bbe1f0e5b005a230a09e30836ddae71e35ee988c5606c71351f95562d",
  "formal/Mutations/RangeChunk22.lean": "4c9e25a6292f2a431ad7e696c3555a4ebd83ee34d12cd5c48e65d0594176dba1",
  "formal/Mutations/RangeChunk23.lean": "10e5c8d4caf3c5d31a4cb8820e9fef74e15ec41312a5d1049c923acac523c1f7",
  "formal/Mutations/RangeChunk24.lean": "2f04bd1b68326ad2d2baac765be5d600e355b9dadc30c537e53d414bf78b3d60",
  "formal/Mutations/RangeChunk25.lean": "74a07bb27dd8a5d518e142e28e00e206f4a1dba4dc79ccbdc6009218e8e39f0c",
  "formal/Mutations/RangeChunk26.lean": "dcdbaff930428f90cd10849baf10e0cf4d1e64610a794d55552194607f6d92a9",
  "formal/Mutations/RangeChunk27.lean": "f5bd18540aa97df2add0aa86fbbe5661ece16e9756ef4629f62921f8afddfa7b",
  "formal/Mutations/RangeChunk28.lean": "79e888f2655d0a95698364cc1938e79281e4566e7d7401393b937bb21959019f",
  "formal/Mutations/RangeChunk3.lean": "a6393e71533236418f67e954dbc65adb8d3c92072793e7747b17308d41946459",
  "formal/Mutations/RangeChunk4.lean": "3442704815b9072e0b7694d075e42bae1c4e48d8635d899012ff1aae0ff8760a",
  "formal/Mutations/RangeChunk5.lean": "87f43b2831f2121495bfba73c8aa8fa4bc481a87557ac4cb88af3c898f3392f0",
  "formal/Mutations/RangeChunk6.lean": "91f8560db5d973beb704bc6999e9642430195bae72466f7aff7fdae8972c8373",
  "formal/Mutations/RangeChunk7.lean": "998d88f50fb32a08224991896492b976de5967494af802cd0d1fb802857c684d",
  "formal/Mutations/RangeChunk8.lean": "39f40b0458c5cd46a6c4934f274d00d0e970ac43c60b37e21a41f4e84289a955",
  "formal/Mutations/RangeChunk9.lean": "624f418c43f7cd7b503077fd061ecc859fd15e6546e308d4c08236b1741badd0",
  "formal/Mutations/RangeTable.lean": "4a33f238b3462b95cd7ef046af6cdfdbdaf9893170867d2f676442af3d88c11c",
  "formal/Mutations/SinkCertificate.lean": "53a19e5f9ff16ab6cdbe3676e1bee6968b1acada44432ec2f14021349d1b5f55",
  "formal/Mutations/SinkChunk0.lean": "331d58a04b3872744f85f8df323bd2045b2c747c3096da8b8a817c403423ad74",
  "formal/Mutations/SinkChunk1.lean": "bc0daec50f6a73fcca387e46ec3e1982b5ca4bd8526193036fc33ae43c9a7146",
  "formal/Mutations/SinkChunk10.lean": "3daf7d05755fd13f7f3756ec857b26d37f97d07d7251e273b7d8c090a10b89eb",
  "formal/Mutations/SinkChunk11.lean": "5299b00f5238fa453df17fcd62e6b3b1b8cae280fa1febb7addc635176042eb4",
  "formal/Mutations/SinkChunk12.lean": "68f1efbefda510bff58a06224d8ab0d6bda64f55d07553126b026e6c45d32494",
  "formal/Mutations/SinkChunk13.lean": "2f1ee9b996348e76d08ed24d3a13f0c635333a7065c8931dadee26796abfbcdc",
  "formal/Mutations/SinkChunk14.lean": "7ffbe4843463a1a32e5ab9d10f0ab5b1a61f41ffb992284e1827887d4a4e4584",
  "formal/Mutations/SinkChunk15.lean": "217c253e76e9bfb1ed170ed56ea75c6756108d0f9b788ae4db467772e40a07ae",
  "formal/Mutations/SinkChunk16.lean": "4f78664aad97b4258c6fbbd7d09c9a17f6675cd77efb0c1c3ccc0a2033c20b91",
  "formal/Mutations/SinkChunk17.lean": "917ba351b488ed3b3ce2faf5f5c051187f6ff3bbb9c4dda35a99f2e3b3697028",
  "formal/Mutations/SinkChunk18.lean": "218e2abf8501f71fe72bd04b686bab32963372bfe219d57cd19b4c8184c6d5cf",
  "formal/Mutations/SinkChunk19.lean": "b58139045be73e0ab87c1ab842631af8df115088ae70cf2816506350e8feeb64",
  "formal/Mutations/SinkChunk2.lean": "df4322cfaaa3cdbeb922d9cdcbcdb63832cccab29333c4a784fe863f0dd3e955",
  "formal/Mutations/SinkChunk20.lean": "19df181f89740f197f8a547118756256997152a5209ff77d0f5b45722121cd6f",
  "formal/Mutations/SinkChunk21.lean": "9b625584e918d17d204ea5a2d7ad2421ed58f5be37f35641fc44e48ddc3134d3",
  "formal/Mutations/SinkChunk22.lean": "d3ffd5804a69185d6df737ccd8ff2267d898f97370300c842dc6fdfec4bb8656",
  "formal/Mutations/SinkChunk23.lean": "b9dbf972d23e1941d8fa94120eeba22950aef38ed17ec4afd6ab4f3567f8d031",
  "formal/Mutations/SinkChunk24.lean": "ff2fedf45f0bc41979bb645eb33dc95ad23c457ede4f27ceabad0555e25f067d",
  "formal/Mutations/SinkChunk25.lean": "960fad087702a603452eaf7e007aa3d745c6a69cdc5a451bbb9adcd7ee90d527",
  "formal/Mutations/SinkChunk26.lean": "4d518acbde31721df2fe1c76a0fb2ce3420cbc685833ab41f59e5088a8ada55e",
  "formal/Mutations/SinkChunk27.lean": "805a3d6e90a84a8425dfd3b868aea49884200cd3c45926bb8bf39af2251d13c5",
  "formal/Mutations/SinkChunk28.lean": "0dc1fa5b959bd2bafd4348b52df40597a942f4eff1c73cfea6421ca3bbc3273e",
  "formal/Mutations/SinkChunk3.lean": "8b3057131dd149348492844f3724b554fc89afe1a768ba7c8c6da51eb328974d",
  "formal/Mutations/SinkChunk4.lean": "3e51d1fb37218a2887405896891abaab0e2b2f0466ce2465ee54757550baed6d",
  "formal/Mutations/SinkChunk5.lean": "a729614f48c7b2c990b18abcc8569a01150d16a6e7ce8da1b3809bfb1170aa1f",
  "formal/Mutations/SinkChunk6.lean": "c7172d62ca9ad14113932d43616e23c0cb1f237eddf2c8fd709a198c165464d8",
  "formal/Mutations/SinkChunk7.lean": "3cd0934016e292b85c048cb5cecb36ce29ad53e0bd1172c8b1ca143fe733e166",
  "formal/Mutations/SinkChunk8.lean": "748cc9cd34ddc00b950d7262fed78fadc1ff0ecea8fdd6172440ca277b7e96a6",
  "formal/Mutations/SinkChunk9.lean": "224e20bf8bfd894b0e48192458ee55f5ea5de22706cb80b6730334a4c9950502",
  "formal/Mutations/SinkTable.lean": "8e9c3fafc3f861b9e698efe8e9c612a227b87512d205885af260214a008cc17b",
  "formal/Mutations/Soundness.lean": "71c2b95ec0fa5f13ba9e35afc13b476e94ddf114d2b28ab7aa00e1709f80a5f3",
  "formal/Poseidon/Constants.lean": "a520856f658fccf7cafe6c736a0408da6394d5b9f9fafb619c01a3577d17e9a5",
  "formal/Poseidon/Hash.lean": "a4f648897d116b6643061def4319c936dcd8db034b92712607dbc3364aa6e1a6",
  "formal/Poseidon/Permutation.lean": "fd14ebb6f81e44a5e2f23f545f901604ab1b75e5fe56987027a934a63b7c849e",
  "formal/Primality/BN254.lean": "9d7336938a9e220de567847822fed2f5f477c06dae7bb52f0de80ec9762c209e",
  "formal/Primality/BN254Base.lean": "9b2978e32b4774217701f77dec0be865752dcc18e804ed82bad2db9b5accff4e",
  "formal/Primality/PrattCertificate.lean": "6fd6656f9b1e29ffd49a313dcfb8525127fcbc65872458747c9f5af84a95ef37",
  "formal/Proofs/AuditCommand.lean": "0586c5f3c0aa2bf2e24ead3db7df17a0d1ad6d365a3cdb50899b9b4414dc459c",
  "formal/Proofs/AxiomAudit.lean": "e0f1930cad6b4b30de71dd2a65c9c8d9693b3df29c74e5cc07a2c5c9983dd2d2",
  "formal/Proofs/CircuitGadgets.lean": "9a27851516ddca61da6f35c846e7eaf64b0df72a50d3d9f4c321857367051a66",
  "formal/Proofs/PinClaims.lean": "e4977df3207b366890f2cd05470d54ba7a71945721f719925a38ed70e46db3ee",
  "formal/SPEC.md": "9848c3b2ad250dbf1b5517e0e2cdaec87da54132d9b5f4813ec7b6c4dcfab497",
  "formal/Spec.lean": "17eb68c9778dc67e4238112341bb6a6a79c14e781df391761a75a2a5ddf4a58a",
  "formal/Spec/Basic.lean": "3fba49840fd2a60d241cbbb4e4a0381f22ab58d84508b35095b27fb073572b7e",
  "formal/Spec/Circuit.lean": "8591b6d075e0e5b3ab05d7aee38fb64cc0b8289e4645fc004d6da92e7964432f",
  "formal/Spec/Evm.lean": "0ebd53f464beca7e8db3c178a299ca2c7076a0d90b31d9799aa8be04d80c2ffa",
  "formal/Spec/FrameTx.lean": "34ac13363452469bf438a4cf55aeb60cf0bd1edb6520aed34aac454c80710e2e",
  "formal/Spec/Hash.lean": "a3e66bc20a289d75094655f75c5ee248bdb3e6db0623a6e6a73393b4bd2bce04",
  "formal/Spec/Main.lean": "84b09adc8b0ee14bec2678d2c058fa4a6c8d15a22f0a9285f38836ee4d779e3b",
  "formal/Spec/Relation.lean": "ef8e29d80b313a39dc0d650591555c0b98e00f647206021dae35879b72ca7c60",
  "formal/Spec/System.lean": "cdfe399e6bc58b5032bd9f9ff3d0c125e063b1812b1975f8279f10de8f1dd3dc",
  "formal/Spec/Tree.lean": "d269fbc7d37aceb14538e59c3f6f980f2d6e55c53017fb32cd0b679ab8f24254"
}
